
Microsoft Visual Studio Solution File, Format Version 12.00
# Visual Studio Version 16
VisualStudioVersion = 16.0.35229.62
MinimumVisualStudioVersion = 10.0.40219.1
Project("{2150E333-8FDC-42A3-9474-1A3956D46DE8}") = "Task0", "Task0", "{C6899C15-8D61-4734-9B96-947E910D2593}"
EndProject
Project("{FAE04EC0-301F-11D3-BF4B-00C04F79EFBC}") = "Tyuiu.KornevRM.Sprint0.Task0.V0", "Tyuiu.KornevRM.Sprint0.Task0.V0\Tyuiu.KornevRM.Sprint0.Task0.V0.csproj", "{5151DD12-E852-485D-8EF3-15BB74C53036}"
EndProject
Project("{2150E333-8FDC-42A3-9474-1A3956D46DE8}") = "Task1", "Task1", "{7019E457-2D86-4992-AD43-1968AEE4D034}"
EndProject
Project("{FAE04EC0-301F-11D3-BF4B-00C04F79EFBC}") = "Tyuiu.KornevRM.Sprint0.Task1.V0", "Tyuiu.KornevRM.Sprint0.Task1.V0\Tyuiu.KornevRM.Sprint0.Task1.V0.csproj", "{FBB0ADEE-8252-4ADC-8B79-3832015A2F80}"
EndProject
Project("{2150E333-8FDC-42A3-9474-1A3956D46DE8}") = "Task2", "Task2", "{1AAA10DF-DDF3-42CD-A8F1-5486B0899FCB}"
EndProject
Project("{FAE04EC0-301F-11D3-BF4B-00C04F79EFBC}") = "Tyuiu.KornevRM.Sprint0.Task2.V0", "Tyuiu.KornevRM.Sprint0.Task2.V0\Tyuiu.KornevRM.Sprint0.Task2.V0.csproj", "{30B9DFBC-191F-4B12-99D8-F30916B0E420}"
EndProject
Project("{FAE04EC0-301F-11D3-BF4B-00C04F79EFBC}") = "Tyuiu.KornevRM.Sprint0.Task2.V0.Lib", "Tyuiu.KornevRM.Sprint0.Task2.V0.Lib\Tyuiu.KornevRM.Sprint0.Task2.V0.Lib.csproj", "{7713ABD6-C3FB-43F7-B88B-6B0B38678341}"
EndProject
Project("{FAE04EC0-301F-11D3-BF4B-00C04F79EFBC}") = "Tyuiu.KornevRM.Sprint0.Task2.V0.Test", "Tyuiu.KornevRM.Sprint0.Task2.V0.Test\Tyuiu.KornevRM.Sprint0.Task2.V0.Test.csproj", "{39615556-CE8B-4104-A506-A6D845573F7D}"
EndProject
Project("{2150E333-8FDC-42A3-9474-1A3956D46DE8}") = "Task3", "Task3", "{B9E05B67-ECD9-462F-AEDA-47F252CEC69C}"
EndProject
Project("{FAE04EC0-301F-11D3-BF4B-00C04F79EFBC}") = "Tyuiu.KornevRM.Sprint0.Task3.V0", "Tyuiu.KornevRM.Sprint0.Task3.V0\Tyuiu.KornevRM.Sprint0.Task3.V0.csproj", "{56DB26B7-5D19-4970-B3B6-C25853A9C944}"
EndProject
Project("{FAE04EC0-301F-11D3-BF4B-00C04F79EFBC}") = "Tyuiu.KornevRM.Sprint0.Task3.V0.Lib", "Tyuiu.KornevRM.Sprint0.Task3.V0.Lib\Tyuiu.KornevRM.Sprint0.Task3.V0.Lib.csproj", "{A7103723-18CC-4FF3-BBCE-5DC25FB6742C}"
EndProject
Project("{FAE04EC0-301F-11D3-BF4B-00C04F79EFBC}") = "Tyuiu.KornevRM.Sprint0.Task3.V0.Test", "Tyuiu.KornevRM.Sprint0.Task3.V0.Test\Tyuiu.KornevRM.Sprint0.Task3.V0.Test.csproj", "{AC758161-30C2-4F7D-AEF4-FB428273722C}"
EndProject
Project("{2150E333-8FDC-42A3-9474-1A3956D46DE8}") = "Task4", "Task4", "{FC066429-AEF0-465D-9059-52D0EF9FAAA5}"
EndProject
Project("{FAE04EC0-301F-11D3-BF4B-00C04F79EFBC}") = "Tyuiu.KornevRM.Sprint0.Task4.V0", "Tyuiu.KornevRM.Sprint0.Task4.V0\Tyuiu.KornevRM.Sprint0.Task4.V0.csproj", "{F9CB24A5-9CDF-4C5F-BB7B-1FBE0A8BFA94}"
EndProject
Project("{FAE04EC0-301F-11D3-BF4B-00C04F79EFBC}") = "Tyuiu.KornevRM.Sprint0.Task4.V0.Lib", "Tyuiu.KornevRM.Sprint0.Task4.V0.Lib\Tyuiu.KornevRM.Sprint0.Task4.V0.Lib.csproj", "{3AF02C4C-0E32-408E-837D-08684C44250D}"
EndProject
Project("{FAE04EC0-301F-11D3-BF4B-00C04F79EFBC}") = "Tyuiu.KornevRM.Sprint0.Task4.V0.Test", "Tyuiu.KornevRM.Sprint0.Task4.V0.Test\Tyuiu.KornevRM.Sprint0.Task4.V0.Test.csproj", "{A0B04408-94AE-4094-AC28-480CF1E350EF}"
EndProject
Project("{2150E333-8FDC-42A3-9474-1A3956D46DE8}") = "Task5", "Task5", "{0CA1C1B0-18D0-4304-A7A7-1A54C1F83D61}"
EndProject
Project("{FAE04EC0-301F-11D3-BF4B-00C04F79EFBC}") = "Tyuiu.KornevRM.Sprint0.Task5.V0", "Tyuiu.KornevRM.Sprint0.Task5.V0.\Tyuiu.KornevRM.Sprint0.Task5.V0.csproj", "{90B3CE29-0F40-48B2-9462-3BEBC24B0B7B}"
EndProject
Project("{FAE04EC0-301F-11D3-BF4B-00C04F79EFBC}") = "Tyuiu.KornevRM.Sprint0.Task5.V0.Lib", "Tyuiu.KornevRM.Sprint0.Task5.V0.Lib\Tyuiu.KornevRM.Sprint0.Task5.V0.Lib.csproj", "{CBBBA48A-9217-471C-B863-CEEF8A9F598A}"
EndProject
Project("{FAE04EC0-301F-11D3-BF4B-00C04F79EFBC}") = "Tyuiu.KornevRM.Sprint0.Task5.V0.Test", "Tyuiu.KornevRM.Sprint0.Task5.V0.Test\Tyuiu.KornevRM.Sprint0.Task5.V0.Test.csproj", "{F6EB55E2-6C8E-4738-A251-35FCEE0E862D}"
EndProject
Project("{2150E333-8FDC-42A3-9474-1A3956D46DE8}") = "Task6", "Task6", "{DAC9D7C7-A5DD-4B55-893C-CD2FFD7CE504}"
EndProject
Project("{FAE04EC0-301F-11D3-BF4B-00C04F79EFBC}") = "Tyuiu.KornevRM.Sprint0.Task6.V0", "Tyuiu.KornevRM.Sprint0.Task6.V0\Tyuiu.KornevRM.Sprint0.Task6.V0.csproj", "{A205161B-B10D-495D-A653-6A04273BEDFC}"
EndProject
Project("{FAE04EC0-301F-11D3-BF4B-00C04F79EFBC}") = "Tyuiu.KornevRM.Sprint0.Task6.V0.Lib", "Tyuiu.KornevRM.Sprint0.Task6.V0.Lib\Tyuiu.KornevRM.Sprint0.Task6.V0.Lib.csproj", "{02CD93A4-8AC8-4046-A163-695BA7F126CE}"
EndProject
Project("{FAE04EC0-301F-11D3-BF4B-00C04F79EFBC}") = "Tyuiu.KornevRM.Sprint0.Task6.V0.Test", "Tyuiu.KornevRM.Sprint0.Task6.V0.Test\Tyuiu.KornevRM.Sprint0.Task6.V0.Test.csproj", "{D8B73A9A-6CF7-4A7C-AE5B-D5306D422940}"
EndProject
Project("{2150E333-8FDC-42A3-9474-1A3956D46DE8}") = "Task7", "Task7", "{2FA71B18-3CCF-4CD7-B6EF-C5964D34261C}"
EndProject
Project("{FAE04EC0-301F-11D3-BF4B-00C04F79EFBC}") = "Tyuiu.KornevRM.Sprint0.Task7.V0", "Tyuiu.KornevRM.Sprint0.Task7.V0\Tyuiu.KornevRM.Sprint0.Task7.V0.csproj", "{FC67E91F-4703-4D0D-8F20-586C6F463487}"
EndProject
Project("{FAE04EC0-301F-11D3-BF4B-00C04F79EFBC}") = "Tyuiu.KornevRM.Sprint0.Task7.V0.Lib", "Tyuiu.KornevRM.Sprint0.Task7.V0.Lib\Tyuiu.KornevRM.Sprint0.Task7.V0.Lib.csproj", "{226F0219-F03B-49D1-B193-D5B35D736E25}"
EndProject
Project("{FAE04EC0-301F-11D3-BF4B-00C04F79EFBC}") = "Tyuiu.KornevRM.Sprint0.Task7.V0.Test", "Tyuiu.KornevRM.Sprint0.Task7.V0.Test\Tyuiu.KornevRM.Sprint0.Task7.V0.Test.csproj", "{071AED80-C1A6-4898-A3DA-1EE0DFDF956B}"
EndProject
Global
	GlobalSection(SolutionConfigurationPlatforms) = preSolution
		Debug|Any CPU = Debug|Any CPU
		Release|Any CPU = Release|Any CPU
	EndGlobalSection
	GlobalSection(ProjectConfigurationPlatforms) = postSolution
		{5151DD12-E852-485D-8EF3-15BB74C53036}.Debug|Any CPU.ActiveCfg = Debug|Any CPU
		{5151DD12-E852-485D-8EF3-15BB74C53036}.Debug|Any CPU.Build.0 = Debug|Any CPU
		{5151DD12-E852-485D-8EF3-15BB74C53036}.Release|Any CPU.ActiveCfg = Release|Any CPU
		{5151DD12-E852-485D-8EF3-15BB74C53036}.Release|Any CPU.Build.0 = Release|Any CPU
		{FBB0ADEE-8252-4ADC-8B79-3832015A2F80}.Debug|Any CPU.ActiveCfg = Debug|Any CPU
		{FBB0ADEE-8252-4ADC-8B79-3832015A2F80}.Debug|Any CPU.Build.0 = Debug|Any CPU
		{FBB0ADEE-8252-4ADC-8B79-3832015A2F80}.Release|Any CPU.ActiveCfg = Release|Any CPU
		{FBB0ADEE-8252-4ADC-8B79-3832015A2F80}.Release|Any CPU.Build.0 = Release|Any CPU
		{30B9DFBC-191F-4B12-99D8-F30916B0E420}.Debug|Any CPU.ActiveCfg = Debug|Any CPU
		{30B9DFBC-191F-4B12-99D8-F30916B0E420}.Debug|Any CPU.Build.0 = Debug|Any CPU
		{30B9DFBC-191F-4B12-99D8-F30916B0E420}.Release|Any CPU.ActiveCfg = Release|Any CPU
		{30B9DFBC-191F-4B12-99D8-F30916B0E420}.Release|Any CPU.Build.0 = Release|Any CPU
		{7713ABD6-C3FB-43F7-B88B-6B0B38678341}.Debug|Any CPU.ActiveCfg = Debug|Any CPU
		{7713ABD6-C3FB-43F7-B88B-6B0B38678341}.Debug|Any CPU.Build.0 = Debug|Any CPU
		{7713ABD6-C3FB-43F7-B88B-6B0B38678341}.Release|Any CPU.ActiveCfg = Release|Any CPU
		{7713ABD6-C3FB-43F7-B88B-6B0B38678341}.Release|Any CPU.Build.0 = Release|Any CPU
		{39615556-CE8B-4104-A506-A6D845573F7D}.Debug|Any CPU.ActiveCfg = Debug|Any CPU
		{39615556-CE8B-4104-A506-A6D845573F7D}.Debug|Any CPU.Build.0 = Debug|Any CPU
		{39615556-CE8B-4104-A506-A6D845573F7D}.Release|Any CPU.ActiveCfg = Release|Any CPU
		{39615556-CE8B-4104-A506-A6D845573F7D}.Release|Any CPU.Build.0 = Release|Any CPU
		{56DB26B7-5D19-4970-B3B6-C25853A9C944}.Debug|Any CPU.ActiveCfg = Debug|Any CPU
		{56DB26B7-5D19-4970-B3B6-C25853A9C944}.Debug|Any CPU.Build.0 = Debug|Any CPU
		{56DB26B7-5D19-4970-B3B6-C25853A9C944}.Release|Any CPU.ActiveCfg = Release|Any CPU
		{56DB26B7-5D19-4970-B3B6-C25853A9C944}.Release|Any CPU.Build.0 = Release|Any CPU
		{A7103723-18CC-4FF3-BBCE-5DC25FB6742C}.Debug|Any CPU.ActiveCfg = Debug|Any CPU
		{A7103723-18CC-4FF3-BBCE-5DC25FB6742C}.Debug|Any CPU.Build.0 = Debug|Any CPU
		{A7103723-18CC-4FF3-BBCE-5DC25FB6742C}.Release|Any CPU.ActiveCfg = Release|Any CPU
		{A7103723-18CC-4FF3-BBCE-5DC25FB6742C}.Release|Any CPU.Build.0 = Release|Any CPU
		{AC758161-30C2-4F7D-AEF4-FB428273722C}.Debug|Any CPU.ActiveCfg = Debug|Any CPU
		{AC758161-30C2-4F7D-AEF4-FB428273722C}.Debug|Any CPU.Build.0 = Debug|Any CPU
		{AC758161-30C2-4F7D-AEF4-FB428273722C}.Release|Any CPU.ActiveCfg = Release|Any CPU
		{AC758161-30C2-4F7D-AEF4-FB428273722C}.Release|Any CPU.Build.0 = Release|Any CPU
		{F9CB24A5-9CDF-4C5F-BB7B-1FBE0A8BFA94}.Debug|Any CPU.ActiveCfg = Debug|Any CPU
		{F9CB24A5-9CDF-4C5F-BB7B-1FBE0A8BFA94}.Debug|Any CPU.Build.0 = Debug|Any CPU
		{F9CB24A5-9CDF-4C5F-BB7B-1FBE0A8BFA94}.Release|Any CPU.ActiveCfg = Release|Any CPU
		{F9CB24A5-9CDF-4C5F-BB7B-1FBE0A8BFA94}.Release|Any CPU.Build.0 = Release|Any CPU
		{3AF02C4C-0E32-408E-837D-08684C44250D}.Debug|Any CPU.ActiveCfg = Debug|Any CPU
		{3AF02C4C-0E32-408E-837D-08684C44250D}.Debug|Any CPU.Build.0 = Debug|Any CPU
		{3AF02C4C-0E32-408E-837D-08684C44250D}.Release|Any CPU.ActiveCfg = Release|Any CPU
		{3AF02C4C-0E32-408E-837D-08684C44250D}.Release|Any CPU.Build.0 = Release|Any CPU
		{A0B04408-94AE-4094-AC28-480CF1E350EF}.Debug|Any CPU.ActiveCfg = Debug|Any CPU
		{A0B04408-94AE-4094-AC28-480CF1E350EF}.Debug|Any CPU.Build.0 = Debug|Any CPU
		{A0B04408-94AE-4094-AC28-480CF1E350EF}.Release|Any CPU.ActiveCfg = Release|Any CPU
		{A0B04408-94AE-4094-AC28-480CF1E350EF}.Release|Any CPU.Build.0 = Release|Any CPU
		{90B3CE29-0F40-48B2-9462-3BEBC24B0B7B}.Debug|Any CPU.ActiveCfg = Debug|Any CPU
		{90B3CE29-0F40-48B2-9462-3BEBC24B0B7B}.Debug|Any CPU.Build.0 = Debug|Any CPU
		{90B3CE29-0F40-48B2-9462-3BEBC24B0B7B}.Release|Any CPU.ActiveCfg = Release|Any CPU
		{90B3CE29-0F40-48B2-9462-3BEBC24B0B7B}.Release|Any CPU.Build.0 = Release|Any CPU
		{CBBBA48A-9217-471C-B863-CEEF8A9F598A}.Debug|Any CPU.ActiveCfg = Debug|Any CPU
		{CBBBA48A-9217-471C-B863-CEEF8A9F598A}.Debug|Any CPU.Build.0 = Debug|Any CPU
		{CBBBA48A-9217-471C-B863-CEEF8A9F598A}.Release|Any CPU.ActiveCfg = Release|Any CPU
		{CBBBA48A-9217-471C-B863-CEEF8A9F598A}.Release|Any CPU.Build.0 = Release|Any CPU
		{F6EB55E2-6C8E-4738-A251-35FCEE0E862D}.Debug|Any CPU.ActiveCfg = Debug|Any CPU
		{F6EB55E2-6C8E-4738-A251-35FCEE0E862D}.Debug|Any CPU.Build.0 = Debug|Any CPU
		{F6EB55E2-6C8E-4738-A251-35FCEE0E862D}.Release|Any CPU.ActiveCfg = Release|Any CPU
		{F6EB55E2-6C8E-4738-A251-35FCEE0E862D}.Release|Any CPU.Build.0 = Release|Any CPU
		{A205161B-B10D-495D-A653-6A04273BEDFC}.Debug|Any CPU.ActiveCfg = Debug|Any CPU
		{A205161B-B10D-495D-A653-6A04273BEDFC}.Debug|Any CPU.Build.0 = Debug|Any CPU
		{A205161B-B10D-495D-A653-6A04273BEDFC}.Release|Any CPU.ActiveCfg = Release|Any CPU
		{A205161B-B10D-495D-A653-6A04273BEDFC}.Release|Any CPU.Build.0 = Release|Any CPU
		{02CD93A4-8AC8-4046-A163-695BA7F126CE}.Debug|Any CPU.ActiveCfg = Debug|Any CPU
		{02CD93A4-8AC8-4046-A163-695BA7F126CE}.Debug|Any CPU.Build.0 = Debug|Any CPU
		{02CD93A4-8AC8-4046-A163-695BA7F126CE}.Release|Any CPU.ActiveCfg = Release|Any CPU
		{02CD93A4-8AC8-4046-A163-695BA7F126CE}.Release|Any CPU.Build.0 = Release|Any CPU
		{D8B73A9A-6CF7-4A7C-AE5B-D5306D422940}.Debug|Any CPU.ActiveCfg = Debug|Any CPU
		{D8B73A9A-6CF7-4A7C-AE5B-D5306D422940}.Debug|Any CPU.Build.0 = Debug|Any CPU
		{D8B73A9A-6CF7-4A7C-AE5B-D5306D422940}.Release|Any CPU.ActiveCfg = Release|Any CPU
		{D8B73A9A-6CF7-4A7C-AE5B-D5306D422940}.Release|Any CPU.Build.0 = Release|Any CPU
		{FC67E91F-4703-4D0D-8F20-586C6F463487}.Debug|Any CPU.ActiveCfg = Debug|Any CPU
		{FC67E91F-4703-4D0D-8F20-586C6F463487}.Debug|Any CPU.Build.0 = Debug|Any CPU
		{FC67E91F-4703-4D0D-8F20-586C6F463487}.Release|Any CPU.ActiveCfg = Release|Any CPU
		{FC67E91F-4703-4D0D-8F20-586C6F463487}.Release|Any CPU.Build.0 = Release|Any CPU
		{226F0219-F03B-49D1-B193-D5B35D736E25}.Debug|Any CPU.ActiveCfg = Debug|Any CPU
		{226F0219-F03B-49D1-B193-D5B35D736E25}.Debug|Any CPU.Build.0 = Debug|Any CPU
		{226F0219-F03B-49D1-B193-D5B35D736E25}.Release|Any CPU.ActiveCfg = Release|Any CPU
		{226F0219-F03B-49D1-B193-D5B35D736E25}.Release|Any CPU.Build.0 = Release|Any CPU
		{071AED80-C1A6-4898-A3DA-1EE0DFDF956B}.Debug|Any CPU.ActiveCfg = Debug|Any CPU
		{071AED80-C1A6-4898-A3DA-1EE0DFDF956B}.Debug|Any CPU.Build.0 = Debug|Any CPU
		{071AED80-C1A6-4898-A3DA-1EE0DFDF956B}.Release|Any CPU.ActiveCfg = Release|Any CPU
		{071AED80-C1A6-4898-A3DA-1EE0DFDF956B}.Release|Any CPU.Build.0 = Release|Any CPU
	EndGlobalSection
	GlobalSection(SolutionProperties) = preSolution
		HideSolutionNode = FALSE
	EndGlobalSection
	GlobalSection(NestedProjects) = preSolution
		{5151DD12-E852-485D-8EF3-15BB74C53036} = {C6899C15-8D61-4734-9B96-947E910D2593}
		{FBB0ADEE-8252-4ADC-8B79-3832015A2F80} = {7019E457-2D86-4992-AD43-1968AEE4D034}
		{30B9DFBC-191F-4B12-99D8-F30916B0E420} = {1AAA10DF-DDF3-42CD-A8F1-5486B0899FCB}
		{7713ABD6-C3FB-43F7-B88B-6B0B38678341} = {1AAA10DF-DDF3-42CD-A8F1-5486B0899FCB}
		{39615556-CE8B-4104-A506-A6D845573F7D} = {1AAA10DF-DDF3-42CD-A8F1-5486B0899FCB}
		{56DB26B7-5D19-4970-B3B6-C25853A9C944} = {B9E05B67-ECD9-462F-AEDA-47F252CEC69C}
		{A7103723-18CC-4FF3-BBCE-5DC25FB6742C} = {B9E05B67-ECD9-462F-AEDA-47F252CEC69C}
		{AC758161-30C2-4F7D-AEF4-FB428273722C} = {B9E05B67-ECD9-462F-AEDA-47F252CEC69C}
		{F9CB24A5-9CDF-4C5F-BB7B-1FBE0A8BFA94} = {FC066429-AEF0-465D-9059-52D0EF9FAAA5}
		{3AF02C4C-0E32-408E-837D-08684C44250D} = {FC066429-AEF0-465D-9059-52D0EF9FAAA5}
		{A0B04408-94AE-4094-AC28-480CF1E350EF} = {FC066429-AEF0-465D-9059-52D0EF9FAAA5}
		{90B3CE29-0F40-48B2-9462-3BEBC24B0B7B} = {0CA1C1B0-18D0-4304-A7A7-1A54C1F83D61}
		{CBBBA48A-9217-471C-B863-CEEF8A9F598A} = {0CA1C1B0-18D0-4304-A7A7-1A54C1F83D61}
		{F6EB55E2-6C8E-4738-A251-35FCEE0E862D} = {0CA1C1B0-18D0-4304-A7A7-1A54C1F83D61}
		{A205161B-B10D-495D-A653-6A04273BEDFC} = {DAC9D7C7-A5DD-4B55-893C-CD2FFD7CE504}
		{02CD93A4-8AC8-4046-A163-695BA7F126CE} = {DAC9D7C7-A5DD-4B55-893C-CD2FFD7CE504}
		{D8B73A9A-6CF7-4A7C-AE5B-D5306D422940} = {DAC9D7C7-A5DD-4B55-893C-CD2FFD7CE504}
		{FC67E91F-4703-4D0D-8F20-586C6F463487} = {2FA71B18-3CCF-4CD7-B6EF-C5964D34261C}
		{226F0219-F03B-49D1-B193-D5B35D736E25} = {2FA71B18-3CCF-4CD7-B6EF-C5964D34261C}
		{071AED80-C1A6-4898-A3DA-1EE0DFDF956B} = {2FA71B18-3CCF-4CD7-B6EF-C5964D34261C}
	EndGlobalSection
	GlobalSection(ExtensibilityGlobals) = postSolution
		SolutionGuid = {27618190-2B17-45EA-8708-DA150BEE5544}
	EndGlobalSection
EndGlobal
